// !$*UTF8*$!
{
	archiveVersion = 1;
	classes = {
	};
	objectVersion = 48;
	objects = {

/* Begin PBXBuildFile section */
		811B30C5205F90DD000F1DF5 /* AppDelegate.m in Sources */ = {isa = PBXBuildFile; fileRef = 811B30C4205F90DD000F1DF5 /* AppDelegate.m */; };
		811B30C8205F90DD000F1DF5 /* ViewController.m in Sources */ = {isa = PBXBuildFile; fileRef = 811B30C7205F90DD000F1DF5 /* ViewController.m */; };
		811B30CB205F90DD000F1DF5 /* Main.storyboard in Resources */ = {isa = PBXBuildFile; fileRef = 811B30C9205F90DD000F1DF5 /* Main.storyboard */; };
		811B30CD205F90DD000F1DF5 /* Assets.xcassets in Resources */ = {isa = PBXBuildFile; fileRef = 811B30CC205F90DD000F1DF5 /* Assets.xcassets */; };
		811B30D0205F90DD000F1DF5 /* LaunchScreen.storyboard in Resources */ = {isa = PBXBuildFile; fileRef = 811B30CE205F90DD000F1DF5 /* LaunchScreen.storyboard */; };
		811B30D3205F90DD000F1DF5 /* main.m in Sources */ = {isa = PBXBuildFile; fileRef = 811B30D2205F90DD000F1DF5 /* main.m */; };
		811B30DD205F90DD000F1DF5 /* XIONGENCLIENTests.m in Sources */ = {isa = PBXBuildFile; fileRef = 811B30DC205F90DD000F1DF5 /* XIONGENCLIENTests.m */; };
		811B30E8205F90DD000F1DF5 /* XIONGENCLIENUITests.m in Sources */ = {isa = PBXBuildFile; fileRef = 811B30E7205F90DD000F1DF5 /* XIONGENCLIENUITests.m */; };
/* End PBXBuildFile section */

/* Begin PBXContainerItemProxy section */
		811B30D9205F90DD000F1DF5 /* PBXContainerItemProxy */ = {
			isa = PBXContainerItemProxy;
			containerPortal = 811B30B8205F90DD000F1DF5 /* Project object */;
			proxyType = 1;
			remoteGlobalIDString = 811B30BF205F90DD000F1DF5;
			remoteInfo = XIONGENCLIEN;
		};
		811B30E4205F90DD000F1DF5 /* PBXContainerItemProxy */ = {
			isa = PBXContainerItemProxy;
			containerPortal = 811B30B8205F90DD000F1DF5 /* Project object */;
			proxyType = 1;
			remoteGlobalIDString = 811B30BF205F90DD000F1DF5;
			remoteInfo = XIONGENCLIEN;
		};
/* End PBXContainerItemProxy section */

/* Begin PBXFileReference section */
		811B30C0205F90DD000F1DF5 /* XIONGENCLIEN.app */ = {isa = PBXFileReference; explicitFileType = wrapper.application; includeInIndex = 0; path = XIONGENCLIEN.app; sourceTree = BUILT_PRODUCTS_DIR; };
		811B30C3205F90DD000F1DF5 /* AppDelegate.h */ = {isa = PBXFileReference; lastKnownFileType = sourcecode.c.h; path = AppDelegate.h; sourceTree = "<group>"; };
		811B30C4205F90DD000F1DF5 /* AppDelegate.m */ = {isa = PBXFileReference; lastKnownFileType = sourcecode.c.objc; path = AppDelegate.m; sourceTree = "<group>"; };
		811B30C6205F90DD000F1DF5 /* ViewController.h */ = {isa = PBXFileReference; lastKnownFileType = sourcecode.c.h; path = ViewController.h; sourceTree = "<group>"; };
		811B30C7205F90DD000F1DF5 /* ViewController.m */ = {isa = PBXFileReference; lastKnownFileType = sourcecode.c.objc; path = ViewController.m; sourceTree = "<group>"; };
		811B30CA205F90DD000F1DF5 /* Base */ = {isa = PBXFileReference; lastKnownFileType = file.storyboard; name = Base; path = Base.lproj/Main.storyboard; sourceTree = "<group>"; };
		811B30CC205F90DD000F1DF5 /* Assets.xcassets */ = {isa = PBXFileReference; lastKnownFileType = folder.assetcatalog; path = Assets.xcassets; sourceTree = "<group>"; };
		811B30CF205F90DD000F1DF5 /* Base */ = {isa = PBXFileReference; lastKnownFileType = file.storyboard; name = Base; path = Base.lproj/LaunchScreen.storyboard; sourceTree = "<group>"; };
		811B30D1205F90DD000F1DF5 /* Info.plist */ = {isa = PBXFileReference; lastKnownFileType = text.plist.xml; path = Info.plist; sourceTree = "<group>"; };
		811B30D2205F90DD000F1DF5 /* main.m */ = {isa = PBXFileReference; lastKnownFileType = sourcecode.c.objc; path = main.m; sourceTree = "<group>"; };
		811B30D8205F90DD000F1DF5 /* XIONGENCLIENTests.xctest */ = {isa = PBXFileReference; explicitFileType = wrapper.cfbundle; includeInIndex = 0; path = XIONGENCLIENTests.xctest; sourceTree = BUILT_PRODUCTS_DIR; };
		811B30DC205F90DD000F1DF5 /* XIONGENCLIENTests.m */ = {isa = PBXFileReference; lastKnownFileType = sourcecode.c.objc; path = XIONGENCLIENTests.m; sourceTree = "<group>"; };
		811B30DE205F90DD000F1DF5 /* Info.plist */ = {isa = PBXFileReference; lastKnownFileType = text.plist.xml; path = Info.plist; sourceTree = "<group>"; };
		811B30E3205F90DD000F1DF5 /* XIONGENCLIENUITests.xctest */ = {isa = PBXFileReference; explicitFileType = wrapper.cfbundle; includeInIndex = 0; path = XIONGENCLIENUITests.xctest; sourceTree = BUILT_PRODUCTS_DIR; };
		811B30E7205F90DD000F1DF5 /* XIONGENCLIENUITests.m */ = {isa = PBXFileReference; lastKnownFileType = sourcecode.c.objc; path = XIONGENCLIENUITests.m; sourceTree = "<group>"; };
		811B30E9205F90DD000F1DF5 /* Info.plist */ = {isa = PBXFileReference; lastKnownFileType = text.plist.xml; path = Info.plist; sourceTree = "<group>"; };
/* End PBXFileReference section */

/* Begin PBXFrameworksBuildPhase section */
		811B30BD205F90DD000F1DF5 /* Frameworks */ = {
			isa = PBXFrameworksBuildPhase;
			buildActionMask = 2147483647;
			files = (
			);
			runOnlyForDeploymentPostprocessing = 0;
		};
		811B30D5205F90DD000F1DF5 /* Frameworks */ = {
			isa = PBXFrameworksBuildPhase;
			buildActionMask = 2147483647;
			files = (
			);
			runOnlyForDeploymentPostprocessing = 0;
		};
		811B30E0205F90DD000F1DF5 /* Frameworks */ = {
			isa = PBXFrameworksBuildPhase;
			buildActionMask = 2147483647;
			files = (
			);
			runOnlyForDeploymentPostprocessing = 0;
		};
/* End PBXFrameworksBuildPhase section */

/* Begin PBXGroup section */
		811B30B7205F90DD000F1DF5 = {
			isa = PBXGroup;
			children = (
				811B30C2205F90DD000F1DF5 /* XIONGENCLIEN */,
				811B30DB205F90DD000F1DF5 /* XIONGENCLIENTests */,
				811B30E6205F90DD000F1DF5 /* XIONGENCLIENUITests */,
				811B30C1205F90DD000F1DF5 /* Products */,
			);
			sourceTree = "<group>";
		};
		811B30C1205F90DD000F1DF5 /* Products */ = {
			isa = PBXGroup;
			children = (
				811B30C0205F90DD000F1DF5 /* XIONGENCLIEN.app */,
				811B30D8205F90DD000F1DF5 /* XIONGENCLIENTests.xctest */,
				811B30E3205F90DD000F1DF5 /* XIONGENCLIENUITests.xctest */,
			);
			name = Products;
			sourceTree = "<group>";
		};
		811B30C2205F90DD000F1DF5 /* XIONGENCLIEN */ = {
			isa = PBXGroup;
			children = (
				811B30C3205F90DD000F1DF5 /* AppDelegate.h */,
				811B30C4205F90DD000F1DF5 /* AppDelegate.m */,
				811B30C6205F90DD000F1DF5 /* ViewController.h */,
				811B30C7205F90DD000F1DF5 /* ViewController.m */,
				811B30C9205F90DD000F1DF5 /* Main.storyboard */,
				811B30CC205F90DD000F1DF5 /* Assets.xcassets */,
				811B30CE205F90DD000F1DF5 /* LaunchScreen.storyboard */,
				811B30D1205F90DD000F1DF5 /* Info.plist */,
				811B30D2205F90DD000F1DF5 /* main.m */,
			);
			path = XIONGENCLIEN;
			sourceTree = "<group>";
		};
		811B30DB205F90DD000F1DF5 /* XIONGENCLIENTests */ = {
			isa = PBXGroup;
			children = (
				811B30DC205F90DD000F1DF5 /* XIONGENCLIENTests.m */,
				811B30DE205F90DD000F1DF5 /* Info.plist */,
			);
			path = XIONGENCLIENTests;
			sourceTree = "<group>";
		};
		811B30E6205F90DD000F1DF5 /* XIONGENCLIENUITests */ = {
			isa = PBXGroup;
			children = (
				811B30E7205F90DD000F1DF5 /* XIONGENCLIENUITests.m */,
				811B30E9205F90DD000F1DF5 /* Info.plist */,
			);
			path = XIONGENCLIENUITests;
			sourceTree = "<group>";
		};
/* End PBXGroup section */

/* Begin PBXNativeTarget section */
		811B30BF205F90DD000F1DF5 /* XIONGENCLIEN */ = {
			isa = PBXNativeTarget;
			buildConfigurationList = 811B30EC205F90DD000F1DF5 /* Build configuration list for PBXNativeTarget "XIONGENCLIEN" */;
			buildPhases = (
				811B30BC205F90DD000F1DF5 /* Sources */,
				811B30BD205F90DD000F1DF5 /* Frameworks */,
				811B30BE205F90DD000F1DF5 /* Resources */,
			);
			buildRules = (
			);
			dependencies = (
			);
			name = XIONGENCLIEN;
			productName = XIONGENCLIEN;
			productReference = 811B30C0205F90DD000F1DF5 /* XIONGENCLIEN.app */;
			productType = "com.apple.product-type.application";
		};
		811B30D7205F90DD000F1DF5 /* XIONGENCLIENTests */ = {
			isa = PBXNativeTarget;
			buildConfigurationList = 811B30EF205F90DD000F1DF5 /* Build configuration list for PBXNativeTarget "XIONGENCLIENTests" */;
			buildPhases = (
				811B30D4205F90DD000F1DF5 /* Sources */,
				811B30D5205F90DD000F1DF5 /* Frameworks */,
				811B30D6205F90DD000F1DF5 /* Resources */,
			);
			buildRules = (
			);
			dependencies = (
				811B30DA205F90DD000F1DF5 /* PBXTargetDependency */,
			);
			name = XIONGENCLIENTests;
			productName = XIONGENCLIENTests;
			productReference = 811B30D8205F90DD000F1DF5 /* XIONGENCLIENTests.xctest */;
			productType = "com.apple.product-type.bundle.unit-test";
		};
		811B30E2205F90DD000F1DF5 /* XIONGENCLIENUITests */ = {
			isa = PBXNativeTarget;
			buildConfigurationList = 811B30F2205F90DD000F1DF5 /* Build configuration list for PBXNativeTarget "XIONGENCLIENUITests" */;
			buildPhases = (
				811B30DF205F90DD000F1DF5 /* Sources */,
				811B30E0205F90DD000F1DF5 /* Frameworks */,
				811B30E1205F90DD000F1DF5 /* Resources */,
			);
			buildRules = (
			);
			dependencies = (
				811B30E5205F90DD000F1DF5 /* PBXTargetDependency */,
			);
			name = XIONGENCLIENUITests;
			productName = XIONGENCLIENUITests;
			productReference = 811B30E3205F90DD000F1DF5 /* XIONGENCLIENUITests.xctest */;
			productType = "com.apple.product-type.bundle.ui-testing";
		};
/* End PBXNativeTarget section */

/* Begin PBXProject section */
		811B30B8205F90DD000F1DF5 /* Project object */ = {
			isa = PBXProject;
			attributes = {
				LastUpgradeCheck = 0910;
				ORGANIZATIONNAME = Ios;
				TargetAttributes = {
					811B30BF205F90DD000F1DF5 = {
						CreatedOnToolsVersion = 9.1;
						ProvisioningStyle = Automatic;
					};
					811B30D7205F90DD000F1DF5 = {
						CreatedOnToolsVersion = 9.1;
						ProvisioningStyle = Automatic;
						TestTargetID = 811B30BF205F90DD000F1DF5;
					};
					811B30E2205F90DD000F1DF5 = {
						CreatedOnToolsVersion = 9.1;
						ProvisioningStyle = Automatic;
						TestTargetID = 811B30BF205F90DD000F1DF5;
					};
				};
			};
			buildConfigurationList = 811B30BB205F90DD000F1DF5 /* Build configuration list for PBXProject "XIONGENCLIEN" */;
			compatibilityVersion = "Xcode 8.0";
			developmentRegion = en;
			hasScannedForEncodings = 0;
			knownRegions = (
				en,
				Base,
			);
			mainGroup = 811B30B7205F90DD000F1DF5;
			productRefGroup = 811B30C1205F90DD000F1DF5 /* Products */;
			projectDirPath = "";
			projectRoot = "";
			targets = (
				811B30BF205F90DD000F1DF5 /* XIONGENCLIEN */,
				811B30D7205F90DD000F1DF5 /* XIONGENCLIENTests */,
				811B30E2205F90DD000F1DF5 /* XIONGENCLIENUITests */,
			);
		};
/* End PBXProject section */

/* Begin PBXResourcesBuildPhase section */
		811B30BE205F90DD000F1DF5 /* Resources */ = {
			isa = PBXResourcesBuildPhase;
			buildActionMask = 2147483647;
			files = (
				811B30D0205F90DD000F1DF5 /* LaunchScreen.storyboard in Resources */,
				811B30CD205F90DD000F1DF5 /* Assets.xcassets in Resources */,
				811B30CB205F90DD000F1DF5 /* Main.storyboard in Resources */,
			);
			runOnlyForDeploymentPostprocessing = 0;
		};
		811B30D6205F90DD000F1DF5 /* Resources */ = {
			isa = PBXResourcesBuildPhase;
			buildActionMask = 2147483647;
			files = (
			);
			runOnlyForDeploymentPostprocessing = 0;
		};
		811B30E1205F90DD000F1DF5 /* Resources */ = {
			isa = PBXResourcesBuildPhase;
			buildActionMask = 2147483647;
			files = (
			);
			runOnlyForDeploymentPostprocessing = 0;
		};
/* End PBXResourcesBuildPhase section */

/* Begin PBXSourcesBuildPhase section */
		811B30BC205F90DD000F1DF5 /* Sources */ = {
			isa = PBXSourcesBuildPhase;
			buildActionMask = 2147483647;
			files = (
				811B30C8205F90DD000F1DF5 /* ViewController.m in Sources */,
				811B30D3205F90DD000F1DF5 /* main.m in Sources */,
				811B30C5205F90DD000F1DF5 /* AppDelegate.m in Sources */,
			);
			runOnlyForDeploymentPostprocessing = 0;
		};
		811B30D4205F90DD000F1DF5 /* Sources */ = {
			isa = PBXSourcesBuildPhase;
			buildActionMask = 2147483647;
			files = (
				811B30DD205F90DD000F1DF5 /* XIONGENCLIENTests.m in Sources */,
			);
			runOnlyForDeploymentPostprocessing = 0;
		};
		811B30DF205F90DD000F1DF5 /* Sources */ = {
			isa = PBXSourcesBuildPhase;
			buildActionMask = 2147483647;
			files = (
				811B30E8205F90DD000F1DF5 /* XIONGENCLIENUITests.m in Sources */,
			);
			runOnlyForDeploymentPostprocessing = 0;
		};
/* End PBXSourcesBuildPhase section */

/* Begin PBXTargetDependency section */
		811B30DA205F90DD000F1DF5 /* PBXTargetDependency */ = {
			isa = PBXTargetDependency;
			target = 811B30BF205F90DD000F1DF5 /* XIONGENCLIEN */;
			targetProxy = 811B30D9205F90DD000F1DF5 /* PBXContainerItemProxy */;
		};
		811B30E5205F90DD000F1DF5 /* PBXTargetDependency */ = {
			isa = PBXTargetDependency;
			target = 811B30BF205F90DD000F1DF5 /* XIONGENCLIEN */;
			targetProxy = 811B30E4205F90DD000F1DF5 /* PBXContainerItemProxy */;
		};
/* End PBXTargetDependency section */

/* Begin PBXVariantGroup section */
		811B30C9205F90DD000F1DF5 /* Main.storyboard */ = {
			isa = PBXVariantGroup;
			children = (
				811B30CA205F90DD000F1DF5 /* Base */,
			);
			name = Main.storyboard;
			sourceTree = "<group>";
		};
		811B30CE205F90DD000F1DF5 /* LaunchScreen.storyboard */ = {
			isa = PBXVariantGroup;
			children = (
				811B30CF205F90DD000F1DF5 /* Base */,
			);
			name = LaunchScreen.storyboard;
			sourceTree = "<group>";
		};
/* End PBXVariantGroup section */

/* Begin XCBuildConfiguration section */
		811B30EA205F90DD000F1DF5 /* Debug */ = {
			isa = XCBuildConfiguration;
			buildSettings = {
				ALWAYS_SEARCH_USER_PATHS = NO;
				CLANG_ANALYZER_NONNULL = YES;
				CLANG_ANALYZER_NUMBER_OBJECT_CONVERSION = YES_AGGRESSIVE;
				CLANG_CXX_LANGUAGE_STANDARD = "gnu++14";
				CLANG_CXX_LIBRARY = "libc++";
				CLANG_ENABLE_MODULES = YES;
				CLANG_ENABLE_OBJC_ARC = YES;
				CLANG_WARN_BLOCK_CAPTURE_AUTORELEASING = YES;
				CLANG_WARN_BOOL_CONVERSION = YES;
				CLANG_WARN_COMMA = YES;
				CLANG_WARN_CONSTANT_CONVERSION = YES;
				CLANG_WARN_DIRECT_OBJC_ISA_USAGE = YES_ERROR;
				CLANG_WARN_DOCUMENTATION_COMMENTS = YES;
				CLANG_WARN_EMPTY_BODY = YES;
				CLANG_WARN_ENUM_CONVERSION = YES;
				CLANG_WARN_INFINITE_RECURSION = YES;
				CLANG_WARN_INT_CONVERSION = YES;
				CLANG_WARN_NON_LITERAL_NULL_CONVERSION = YES;
				CLANG_WARN_OBJC_LITERAL_CONVERSION = YES;
				CLANG_WARN_OBJC_ROOT_CLASS = YES_ERROR;
				CLANG_WARN_RANGE_LOOP_ANALYSIS = YES;
				CLANG_WARN_STRICT_PROTOTYPES = YES;
				CLANG_WARN_SUSPICIOUS_MOVE = YES;
				CLANG_WARN_UNGUARDED_AVAILABILITY = YES_AGGRESSIVE;
				CLANG_WARN_UNREACHABLE_CODE = YES;
				CLANG_WARN__DUPLICATE_METHOD_MATCH = YES;
				CODE_SIGN_IDENTITY = "iPhone Developer";
				COPY_PHASE_STRIP = NO;
				DEBUG_INFORMATION_FORMAT = dwarf;
				ENABLE_STRICT_OBJC_MSGSEND = YES;
				ENABLE_TESTABILITY = YES;
				GCC_C_LANGUAGE_STANDARD = gnu11;
				GCC_DYNAMIC_NO_PIC = NO;
				GCC_NO_COMMON_BLOCKS = YES;
				GCC_OPTIMIZATION_LEVEL = 0;
				GCC_PREPROCESSOR_DEFINITIONS = (
					"DEBUG=1",
					"$(inherited)",
				);
				GCC_WARN_64_TO_32_BIT_CONVERSION = YES;
				GCC_WARN_ABOUT_RETURN_TYPE = YES_ERROR;
				GCC_WARN_UNDECLARED_SELECTOR = YES;
				GCC_WARN_UNINITIALIZED_AUTOS = YES_AGGRESSIVE;
				GCC_WARN_UNUSED_FUNCTION = YES;
				GCC_WARN_UNUSED_VARIABLE = YES;
				IPHONEOS_DEPLOYMENT_TARGET = 11.1;
				MTL_ENABLE_DEBUG_INFO = YES;
				ONLY_ACTIVE_ARCH = YES;
				SDKROOT = iphoneos;
			};
			name = Debug;
		};
		811B30EB205F90DD000F1DF5 /* Release */ = {
			isa = XCBuildConfiguration;
			buildSettings = {
				ALWAYS_SEARCH_USER_PATHS = NO;
				CLANG_ANALYZER_NONNULL = YES;
				CLANG_ANALYZER_NUMBER_OBJECT_CONVERSION = YES_AGGRESSIVE;
				CLANG_CXX_LANGUAGE_STANDARD = "gnu++14";
				CLANG_CXX_LIBRARY = "libc++";
				CLANG_ENABLE_MODULES = YES;
				CLANG_ENABLE_OBJC_ARC = YES;
				CLANG_WARN_BLOCK_CAPTURE_AUTORELEASING = YES;
				CLANG_WARN_BOOL_CONVERSION = YES;
				CLANG_WARN_COMMA = YES;
				CLANG_WARN_CONSTANT_CONVERSION = YES;
				CLANG_WARN_DIRECT_OBJC_ISA_USAGE = YES_ERROR;
				CLANG_WARN_DOCUMENTATION_COMMENTS = YES;
				CLANG_WARN_EMPTY_BODY = YES;
				CLANG_WARN_ENUM_CONVERSION = YES;
				CLANG_WARN_INFINITE_RECURSION = YES;
				CLANG_WARN_INT_CONVERSION = YES;
				CLANG_WARN_NON_LITERAL_NULL_CONVERSION = YES;
				CLANG_WARN_OBJC_LITERAL_CONVERSION = YES;
				CLANG_WARN_OBJC_ROOT_CLASS = YES_ERROR;
				CLANG_WARN_RANGE_LOOP_ANALYSIS = YES;
				CLANG_WARN_STRICT_PROTOTYPES = YES;
				CLANG_WARN_SUSPICIOUS_MOVE = YES;
				CLANG_WARN_UNGUARDED_AVAILABILITY = YES_AGGRESSIVE;
				CLANG_WARN_UNREACHABLE_CODE = YES;
				CLANG_WARN__DUPLICATE_METHOD_MATCH = YES;
				CODE_SIGN_IDENTITY = "iPhone Developer";
				COPY_PHASE_STRIP = NO;
				DEBUG_INFORMATION_FORMAT = "dwarf-with-dsym";
				ENABLE_NS_ASSERTIONS = NO;
				ENABLE_STRICT_OBJC_MSGSEND = YES;
				GCC_C_LANGUAGE_STANDARD = gnu11;
				GCC_NO_COMMON_BLOCKS = YES;
				GCC_WARN_64_TO_32_BIT_CONVERSION = YES;
				GCC_WARN_ABOUT_RETURN_TYPE = YES_ERROR;
				GCC_WARN_UNDECLARED_SELECTOR = YES;
				GCC_WARN_UNINITIALIZED_AUTOS = YES_AGGRESSIVE;
				GCC_WARN_UNUSED_FUNCTION = YES;
				GCC_WARN_UNUSED_VARIABLE = YES;
				IPHONEOS_DEPLOYMENT_TARGET = 11.1;
				MTL_ENABLE_DEBUG_INFO = NO;
				SDKROOT = iphoneos;
				VALIDATE_PRODUCT = YES;
			};
			name = Release;
		};
		811B30ED205F90DD000F1DF5 /* Debug */ = {
			isa = XCBuildConfiguration;
			buildSettings = {
				ASSETCATALOG_COMPILER_APPICON_NAME = AppIcon;
				CODE_SIGN_STYLE = Automatic;
				INFOPLIST_FILE = XIONGENCLIEN/Info.plist;
				LD_RUNPATH_SEARCH_PATHS = "$(inherited) @executable_path/Frameworks";
				PRODUCT_BUNDLE_IDENTIFIER = com.fengzhi.XIONGENCLIEN;
				PRODUCT_NAME = "$(TARGET_NAME)";
				TARGETED_DEVICE_FAMILY = "1,2";
			};
			name = Debug;
		};
		811B30EE205F90DD000F1DF5 /* Release */ = {
			isa = XCBuildConfiguration;
			buildSettings = {
				ASSETCATALOG_COMPILER_APPICON_NAME = AppIcon;
				CODE_SIGN_STYLE = Automatic;
				INFOPLIST_FILE = XIONGENCLIEN/Info.plist;
				LD_RUNPATH_SEARCH_PATHS = "$(inherited) @executable_path/Frameworks";
				PRODUCT_BUNDLE_IDENTIFIER = com.fengzhi.XIONGENCLIEN;
				PRODUCT_NAME = "$(TARGET_NAME)";
				TARGETED_DEVICE_FAMILY = "1,2";
			};
			name = Release;
		};
		811B30F0205F90DD000F1DF5 /* Debug */ = {
			isa = XCBuildConfiguration;
			buildSettings = {
				BUNDLE_LOADER = "$(TEST_HOST)";
				CODE_SIGN_STYLE = Automatic;
				INFOPLIST_FILE = XIONGENCLIENTests/Info.plist;
				LD_RUNPATH_SEARCH_PATHS = "$(inherited) @executable_path/Frameworks @loader_path/Frameworks";
				PRODUCT_BUNDLE_IDENTIFIER = com.fengzhi.XIONGENCLIENTests;
				PRODUCT_NAME = "$(TARGET_NAME)";
				TARGETED_DEVICE_FAMILY = "1,2";
				TEST_HOST = "$(BUILT_PRODUCTS_DIR)/XIONGENCLIEN.app/XIONGENCLIEN";
			};
			name = Debug;
		};
		811B30F1205F90DD000F1DF5 /* Release */ = {
			isa = XCBuildConfiguration;
			buildSettings = {
				BUNDLE_LOADER = "$(TEST_HOST)";
				CODE_SIGN_STYLE = Automatic;
				INFOPLIST_FILE = XIONGENCLIENTests/Info.plist;
				LD_RUNPATH_SEARCH_PATHS = "$(inherited) @executable_path/Frameworks @loader_path/Frameworks";
				PRODUCT_BUNDLE_IDENTIFIER = com.fengzhi.XIONGENCLIENTests;
				PRODUCT_NAME = "$(TARGET_NAME)";
				TARGETED_DEVICE_FAMILY = "1,2";
				TEST_HOST = "$(BUILT_PRODUCTS_DIR)/XIONGENCLIEN.app/XIONGENCLIEN";
			};
			name = Release;
		};
		811B30F3205F90DD000F1DF5 /* Debug */ = {
			isa = XCBuildConfiguration;
			buildSettings = {
				CODE_SIGN_STYLE = Automatic;
				INFOPLIST_FILE = XIONGENCLIENUITests/Info.plist;
				LD_RUNPATH_SEARCH_PATHS = "$(inherited) @executable_path/Frameworks @loader_path/Frameworks";
				PRODUCT_BUNDLE_IDENTIFIER = com.fengzhi.XIONGENCLIENUITests;
				PRODUCT_NAME = "$(TARGET_NAME)";
				TARGETED_DEVICE_FAMILY = "1,2";
				TEST_TARGET_NAME = XIONGENCLIEN;
			};
			name = Debug;
		};
		811B30F4205F90DD000F1DF5 /* Release */ = {
			isa = XCBuildConfiguration;
			buildSettings = {
				CODE_SIGN_STYLE = Automatic;
				INFOPLIST_FILE = XIONGENCLIENUITests/Info.plist;
				LD_RUNPATH_SEARCH_PATHS = "$(inherited) @executable_path/Frameworks @loader_path/Frameworks";
				PRODUCT_BUNDLE_IDENTIFIER = com.fengzhi.XIONGENCLIENUITests;
				PRODUCT_NAME = "$(TARGET_NAME)";
				TARGETED_DEVICE_FAMILY = "1,2";
				TEST_TARGET_NAME = XIONGENCLIEN;
			};
			name = Release;
		};
/* End XCBuildConfiguration section */

/* Begin XCConfigurationList section */
		811B30BB205F90DD000F1DF5 /* Build configuration list for PBXProject "XIONGENCLIEN" */ = {
			isa = XCConfigurationList;
			buildConfigurations = (
				811B30EA205F90DD000F1DF5 /* Debug */,
				811B30EB205F90DD000F1DF5 /* Release */,
			);
			defaultConfigurationIsVisible = 0;
			defaultConfigurationName = Release;
		};
		811B30EC205F90DD000F1DF5 /* Build configuration list for PBXNativeTarget "XIONGENCLIEN" */ = {
			isa = XCConfigurationList;
			buildConfigurations = (
				811B30ED205F90DD000F1DF5 /* Debug */,
				811B30EE205F90DD000F1DF5 /* Release */,
			);
			defaultConfigurationIsVisible = 0;
			defaultConfigurationName = Release;
		};
		811B30EF205F90DD000F1DF5 /* Build configuration list for PBXNativeTarget "XIONGENCLIENTests" */ = {
			isa = XCConfigurationList;
			buildConfigurations = (
				811B30F0205F90DD000F1DF5 /* Debug */,
				811B30F1205F90DD000F1DF5 /* Release */,
			);
			defaultConfigurationIsVisible = 0;
			defaultConfigurationName = Release;
		};
		811B30F2205F90DD000F1DF5 /* Build configuration list for PBXNativeTarget "XIONGENCLIENUITests" */ = {
			isa = XCConfigurationList;
			buildConfigurations = (
				811B30F3205F90DD000F1DF5 /* Debug */,
				811B30F4205F90DD000F1DF5 /* Release */,
			);
			defaultConfigurationIsVisible = 0;
			defaultConfigurationName = Release;
		};
/* End XCConfigurationList section */
	};
	rootObject = 811B30B8205F90DD000F1DF5 /* Project object */;
}
